// !$*UTF8*$!
{
	archiveVersion = 1;
	classes = {
	};
	objectVersion = 50;
	objects = {

/* Begin PBXBuildFile section */
		DE09ADA82210A3CA007C63A3 /* AppDelegate.swift in Sources */ = {isa = PBXBuildFile; fileRef = DE09ADA72210A3CA007C63A3 /* AppDelegate.swift */; };
		DE09ADAA2210A3CA007C63A3 /* ViewController.swift in Sources */ = {isa = PBXBuildFile; fileRef = DE09ADA92210A3CA007C63A3 /* ViewController.swift */; };
		DE09ADAD2210A3CA007C63A3 /* Main.storyboard in Resources */ = {isa = PBXBuildFile; fileRef = DE09ADAB2210A3CA007C63A3 /* Main.storyboard */; };
		DE09ADAF2210A3CD007C63A3 /* Assets.xcassets in Resources */ = {isa = PBXBuildFile; fileRef = DE09ADAE2210A3CD007C63A3 /* Assets.xcassets */; };
		DE09ADB22210A3CD007C63A3 /* LaunchScreen.storyboard in Resources */ = {isa = PBXBuildFile; fileRef = DE09ADB02210A3CD007C63A3 /* LaunchScreen.storyboard */; };
		DE09ADBD2210A3CD007C63A3 /* CurrencyConverterTests.swift in Sources */ = {isa = PBXBuildFile; fileRef = DE09ADBC2210A3CD007C63A3 /* CurrencyConverterTests.swift */; };
		DE09ADC82210A3CD007C63A3 /* CurrencyConverterUITests.swift in Sources */ = {isa = PBXBuildFile; fileRef = DE09ADC72210A3CD007C63A3 /* CurrencyConverterUITests.swift */; };
/* End PBXBuildFile section */

/* Begin PBXContainerItemProxy section */
		DE09ADB92210A3CD007C63A3 /* PBXContainerItemProxy */ = {
			isa = PBXContainerItemProxy;
			containerPortal = DE09AD9C2210A3CA007C63A3 /* Project object */;
			proxyType = 1;
			remoteGlobalIDString = DE09ADA32210A3CA007C63A3;
			remoteInfo = CurrencyConverter;
		};
		DE09ADC42210A3CD007C63A3 /* PBXContainerItemProxy */ = {
			isa = PBXContainerItemProxy;
			containerPortal = DE09AD9C2210A3CA007C63A3 /* Project object */;
			proxyType = 1;
			remoteGlobalIDString = DE09ADA32210A3CA007C63A3;
			remoteInfo = CurrencyConverter;
		};
/* End PBXContainerItemProxy section */

/* Begin PBXFileReference section */
		DE09ADA42210A3CA007C63A3 /* CurrencyConverter.app */ = {isa = PBXFileReference; explicitFileType = wrapper.application; includeInIndex = 0; path = CurrencyConverter.app; sourceTree = BUILT_PRODUCTS_DIR; };
		DE09ADA72210A3CA007C63A3 /* AppDelegate.swift */ = {isa = PBXFileReference; lastKnownFileType = sourcecode.swift; path = AppDelegate.swift; sourceTree = "<group>"; };
		DE09ADA92210A3CA007C63A3 /* ViewController.swift */ = {isa = PBXFileReference; lastKnownFileType = sourcecode.swift; path = ViewController.swift; sourceTree = "<group>"; };
		DE09ADAC2210A3CA007C63A3 /* Base */ = {isa = PBXFileReference; lastKnownFileType = file.storyboard; name = Base; path = Base.lproj/Main.storyboard; sourceTree = "<group>"; };
		DE09ADAE2210A3CD007C63A3 /* Assets.xcassets */ = {isa = PBXFileReference; lastKnownFileType = folder.assetcatalog; path = Assets.xcassets; sourceTree = "<group>"; };
		DE09ADB12210A3CD007C63A3 /* Base */ = {isa = PBXFileReference; lastKnownFileType = file.storyboard; name = Base; path = Base.lproj/LaunchScreen.storyboard; sourceTree = "<group>"; };
		DE09ADB32210A3CD007C63A3 /* Info.plist */ = {isa = PBXFileReference; lastKnownFileType = text.plist.xml; path = Info.plist; sourceTree = "<group>"; };
		DE09ADB82210A3CD007C63A3 /* CurrencyConverterTests.xctest */ = {isa = PBXFileReference; explicitFileType = wrapper.cfbundle; includeInIndex = 0; path = CurrencyConverterTests.xctest; sourceTree = BUILT_PRODUCTS_DIR; };
		DE09ADBC2210A3CD007C63A3 /* CurrencyConverterTests.swift */ = {isa = PBXFileReference; lastKnownFileType = sourcecode.swift; path = CurrencyConverterTests.swift; sourceTree = "<group>"; };
		DE09ADBE2210A3CD007C63A3 /* Info.plist */ = {isa = PBXFileReference; lastKnownFileType = text.plist.xml; path = Info.plist; sourceTree = "<group>"; };
		DE09ADC32210A3CD007C63A3 /* CurrencyConverterUITests.xctest */ = {isa = PBXFileReference; explicitFileType = wrapper.cfbundle; includeInIndex = 0; path = CurrencyConverterUITests.xctest; sourceTree = BUILT_PRODUCTS_DIR; };
		DE09ADC72210A3CD007C63A3 /* CurrencyConverterUITests.swift */ = {isa = PBXFileReference; lastKnownFileType = sourcecode.swift; path = CurrencyConverterUITests.swift; sourceTree = "<group>"; };
		DE09ADC92210A3CD007C63A3 /* Info.plist */ = {isa = PBXFileReference; lastKnownFileType = text.plist.xml; path = Info.plist; sourceTree = "<group>"; };
/* End PBXFileReference section */

/* Begin PBXFrameworksBuildPhase section */
		DE09ADA12210A3CA007C63A3 /* Frameworks */ = {
			isa = PBXFrameworksBuildPhase;
			buildActionMask = 2147483647;
			files = (
			);
			runOnlyForDeploymentPostprocessing = 0;
		};
		DE09ADB52210A3CD007C63A3 /* Frameworks */ = {
			isa = PBXFrameworksBuildPhase;
			buildActionMask = 2147483647;
			files = (
			);
			runOnlyForDeploymentPostprocessing = 0;
		};
		DE09ADC02210A3CD007C63A3 /* Frameworks */ = {
			isa = PBXFrameworksBuildPhase;
			buildActionMask = 2147483647;
			files = (
			);
			runOnlyForDeploymentPostprocessing = 0;
		};
/* End PBXFrameworksBuildPhase section */

/* Begin PBXGroup section */
		DE09AD9B2210A3CA007C63A3 = {
			isa = PBXGroup;
			children = (
				DE09ADA62210A3CA007C63A3 /* CurrencyConverter */,
				DE09ADBB2210A3CD007C63A3 /* CurrencyConverterTests */,
				DE09ADC62210A3CD007C63A3 /* CurrencyConverterUITests */,
				DE09ADA52210A3CA007C63A3 /* Products */,
			);
			sourceTree = "<group>";
		};
		DE09ADA52210A3CA007C63A3 /* Products */ = {
			isa = PBXGroup;
			children = (
				DE09ADA42210A3CA007C63A3 /* CurrencyConverter.app */,
				DE09ADB82210A3CD007C63A3 /* CurrencyConverterTests.xctest */,
				DE09ADC32210A3CD007C63A3 /* CurrencyConverterUITests.xctest */,
			);
			name = Products;
			sourceTree = "<group>";
		};
		DE09ADA62210A3CA007C63A3 /* CurrencyConverter */ = {
			isa = PBXGroup;
			children = (
				DE09ADA72210A3CA007C63A3 /* AppDelegate.swift */,
				DE09ADA92210A3CA007C63A3 /* ViewController.swift */,
				DE09ADAB2210A3CA007C63A3 /* Main.storyboard */,
				DE09ADAE2210A3CD007C63A3 /* Assets.xcassets */,
				DE09ADB02210A3CD007C63A3 /* LaunchScreen.storyboard */,
				DE09ADB32210A3CD007C63A3 /* Info.plist */,
			);
			path = CurrencyConverter;
			sourceTree = "<group>";
		};
		DE09ADBB2210A3CD007C63A3 /* CurrencyConverterTests */ = {
			isa = PBXGroup;
			children = (
				DE09ADBC2210A3CD007C63A3 /* CurrencyConverterTests.swift */,
				DE09ADBE2210A3CD007C63A3 /* Info.plist */,
			);
			path = CurrencyConverterTests;
			sourceTree = "<group>";
		};
		DE09ADC62210A3CD007C63A3 /* CurrencyConverterUITests */ = {
			isa = PBXGroup;
			children = (
				DE09ADC72210A3CD007C63A3 /* CurrencyConverterUITests.swift */,
				DE09ADC92210A3CD007C63A3 /* Info.plist */,
			);
			path = CurrencyConverterUITests;
			sourceTree = "<group>";
		};
/* End PBXGroup section */

/* Begin PBXNativeTarget section */
		DE09ADA32210A3CA007C63A3 /* CurrencyConverter */ = {
			isa = PBXNativeTarget;
			buildConfigurationList = DE09ADCC2210A3CD007C63A3 /* Build configuration list for PBXNativeTarget "CurrencyConverter" */;
			buildPhases = (
				DE09ADA02210A3CA007C63A3 /* Sources */,
				DE09ADA12210A3CA007C63A3 /* Frameworks */,
				DE09ADA22210A3CA007C63A3 /* Resources */,
			);
			buildRules = (
			);
			dependencies = (
			);
			name = CurrencyConverter;
			productName = CurrencyConverter;
			productReference = DE09ADA42210A3CA007C63A3 /* CurrencyConverter.app */;
			productType = "com.apple.product-type.application";
		};
		DE09ADB72210A3CD007C63A3 /* CurrencyConverterTests */ = {
			isa = PBXNativeTarget;
			buildConfigurationList = DE09ADCF2210A3CD007C63A3 /* Build configuration list for PBXNativeTarget "CurrencyConverterTests" */;
			buildPhases = (
				DE09ADB42210A3CD007C63A3 /* Sources */,
				DE09ADB52210A3CD007C63A3 /* Frameworks */,
				DE09ADB62210A3CD007C63A3 /* Resources */,
			);
			buildRules = (
			);
			dependencies = (
				DE09ADBA2210A3CD007C63A3 /* PBXTargetDependency */,
			);
			name = CurrencyConverterTests;
			productName = CurrencyConverterTests;
			productReference = DE09ADB82210A3CD007C63A3 /* CurrencyConverterTests.xctest */;
			productType = "com.apple.product-type.bundle.unit-test";
		};
		DE09ADC22210A3CD007C63A3 /* CurrencyConverterUITests */ = {
			isa = PBXNativeTarget;
			buildConfigurationList = DE09ADD22210A3CD007C63A3 /* Build configuration list for PBXNativeTarget "CurrencyConverterUITests" */;
			buildPhases = (
				DE09ADBF2210A3CD007C63A3 /* Sources */,
				DE09ADC02210A3CD007C63A3 /* Frameworks */,
				DE09ADC12210A3CD007C63A3 /* Resources */,
			);
			buildRules = (
			);
			dependencies = (
				DE09ADC52210A3CD007C63A3 /* PBXTargetDependency */,
			);
			name = CurrencyConverterUITests;
			productName = CurrencyConverterUITests;
			productReference = DE09ADC32210A3CD007C63A3 /* CurrencyConverterUITests.xctest */;
			productType = "com.apple.product-type.bundle.ui-testing";
		};
/* End PBXNativeTarget section */

/* Begin PBXProject section */
		DE09AD9C2210A3CA007C63A3 /* Project object */ = {
			isa = PBXProject;
			attributes = {
				LastSwiftUpdateCheck = 1010;
				LastUpgradeCheck = 1010;
				ORGANIZATIONNAME = "Caio de Souza";
				TargetAttributes = {
					DE09ADA32210A3CA007C63A3 = {
						CreatedOnToolsVersion = 10.1;
					};
					DE09ADB72210A3CD007C63A3 = {
						CreatedOnToolsVersion = 10.1;
						TestTargetID = DE09ADA32210A3CA007C63A3;
					};
					DE09ADC22210A3CD007C63A3 = {
						CreatedOnToolsVersion = 10.1;
						TestTargetID = DE09ADA32210A3CA007C63A3;
					};
				};
			};
			buildConfigurationList = DE09AD9F2210A3CA007C63A3 /* Build configuration list for PBXProject "CurrencyConverter" */;
			compatibilityVersion = "Xcode 9.3";
			developmentRegion = en;
			hasScannedForEncodings = 0;
			knownRegions = (
				en,
				Base,
			);
			mainGroup = DE09AD9B2210A3CA007C63A3;
			productRefGroup = DE09ADA52210A3CA007C63A3 /* Products */;
			projectDirPath = "";
			projectRoot = "";
			targets = (
				DE09ADA32210A3CA007C63A3 /* CurrencyConverter */,
				DE09ADB72210A3CD007C63A3 /* CurrencyConverterTests */,
				DE09ADC22210A3CD007C63A3 /* CurrencyConverterUITests */,
			);
		};
/* End PBXProject section */

/* Begin PBXResourcesBuildPhase section */
		DE09ADA22210A3CA007C63A3 /* Resources */ = {
			isa = PBXResourcesBuildPhase;
			buildActionMask = 2147483647;
			files = (
				DE09ADB22210A3CD007C63A3 /* LaunchScreen.storyboard in Resources */,
				DE09ADAF2210A3CD007C63A3 /* Assets.xcassets in Resources */,
				DE09ADAD2210A3CA007C63A3 /* Main.storyboard in Resources */,
			);
			runOnlyForDeploymentPostprocessing = 0;
		};
		DE09ADB62210A3CD007C63A3 /* Resources */ = {
			isa = PBXResourcesBuildPhase;
			buildActionMask = 2147483647;
			files = (
			);
			runOnlyForDeploymentPostprocessing = 0;
		};
		DE09ADC12210A3CD007C63A3 /* Resources */ = {
			isa = PBXResourcesBuildPhase;
			buildActionMask = 2147483647;
			files = (
			);
			runOnlyForDeploymentPostprocessing = 0;
		};
/* End PBXResourcesBuildPhase section */

/* Begin PBXSourcesBuildPhase section */
		DE09ADA02210A3CA007C63A3 /* Sources */ = {
			isa = PBXSourcesBuildPhase;
			buildActionMask = 2147483647;
			files = (
				DE09ADAA2210A3CA007C63A3 /* ViewController.swift in Sources */,
				DE09ADA82210A3CA007C63A3 /* AppDelegate.swift in Sources */,
			);
			runOnlyForDeploymentPostprocessing = 0;
		};
		DE09ADB42210A3CD007C63A3 /* Sources */ = {
			isa = PBXSourcesBuildPhase;
			buildActionMask = 2147483647;
			files = (
				DE09ADBD2210A3CD007C63A3 /* CurrencyConverterTests.swift in Sources */,
			);
			runOnlyForDeploymentPostprocessing = 0;
		};
		DE09ADBF2210A3CD007C63A3 /* Sources */ = {
			isa = PBXSourcesBuildPhase;
			buildActionMask = 2147483647;
			files = (
				DE09ADC82210A3CD007C63A3 /* CurrencyConverterUITests.swift in Sources */,
			);
			runOnlyForDeploymentPostprocessing = 0;
		};
/* End PBXSourcesBuildPhase section */

/* Begin PBXTargetDependency section */
		DE09ADBA2210A3CD007C63A3 /* PBXTargetDependency */ = {
			isa = PBXTargetDependency;
			target = DE09ADA32210A3CA007C63A3 /* CurrencyConverter */;
			targetProxy = DE09ADB92210A3CD007C63A3 /* PBXContainerItemProxy */;
		};
		DE09ADC52210A3CD007C63A3 /* PBXTargetDependency */ = {
			isa = PBXTargetDependency;
			target = DE09ADA32210A3CA007C63A3 /* CurrencyConverter */;
			targetProxy = DE09ADC42210A3CD007C63A3 /* PBXContainerItemProxy */;
		};
/* End PBXTargetDependency section */

/* Begin PBXVariantGroup section */
		DE09ADAB2210A3CA007C63A3 /* Main.storyboard */ = {
			isa = PBXVariantGroup;
			children = (
				DE09ADAC2210A3CA007C63A3 /* Base */,
			);
			name = Main.storyboard;
			sourceTree = "<group>";
		};
		DE09ADB02210A3CD007C63A3 /* LaunchScreen.storyboard */ = {
			isa = PBXVariantGroup;
			children = (
				DE09ADB12210A3CD007C63A3 /* Base */,
			);
			name = LaunchScreen.storyboard;
			sourceTree = "<group>";
		};
/* End PBXVariantGroup section */

/* Begin XCBuildConfiguration section */
		DE09ADCA2210A3CD007C63A3 /* Debug */ = {
			isa = XCBuildConfiguration;
			buildSettings = {
				ALWAYS_SEARCH_USER_PATHS = NO;
				CLANG_ANALYZER_NONNULL = YES;
				CLANG_ANALYZER_NUMBER_OBJECT_CONVERSION = YES_AGGRESSIVE;
				CLANG_CXX_LANGUAGE_STANDARD = "gnu++14";
				CLANG_CXX_LIBRARY = "libc++";
				CLANG_ENABLE_MODULES = YES;
				CLANG_ENABLE_OBJC_ARC = YES;
				CLANG_ENABLE_OBJC_WEAK = YES;
				CLANG_WARN_BLOCK_CAPTURE_AUTORELEASING = YES;
				CLANG_WARN_BOOL_CONVERSION = YES;
				CLANG_WARN_COMMA = YES;
				CLANG_WARN_CONSTANT_CONVERSION = YES;
				CLANG_WARN_DEPRECATED_OBJC_IMPLEMENTATIONS = YES;
				CLANG_WARN_DIRECT_OBJC_ISA_USAGE = YES_ERROR;
				CLANG_WARN_DOCUMENTATION_COMMENTS = YES;
				CLANG_WARN_EMPTY_BODY = YES;
				CLANG_WARN_ENUM_CONVERSION = YES;
				CLANG_WARN_INFINITE_RECURSION = YES;
				CLANG_WARN_INT_CONVERSION = YES;
				CLANG_WARN_NON_LITERAL_NULL_CONVERSION = YES;
				CLANG_WARN_OBJC_IMPLICIT_RETAIN_SELF = YES;
				CLANG_WARN_OBJC_LITERAL_CONVERSION = YES;
				CLANG_WARN_OBJC_ROOT_CLASS = YES_ERROR;
				CLANG_WARN_RANGE_LOOP_ANALYSIS = YES;
				CLANG_WARN_STRICT_PROTOTYPES = YES;
				CLANG_WARN_SUSPICIOUS_MOVE = YES;
				CLANG_WARN_UNGUARDED_AVAILABILITY = YES_AGGRESSIVE;
				CLANG_WARN_UNREACHABLE_CODE = YES;
				CLANG_WARN__DUPLICATE_METHOD_MATCH = YES;
				CODE_SIGN_IDENTITY = "iPhone Developer";
				COPY_PHASE_STRIP = NO;
				DEBUG_INFORMATION_FORMAT = dwarf;
				ENABLE_STRICT_OBJC_MSGSEND = YES;
				ENABLE_TESTABILITY = YES;
				GCC_C_LANGUAGE_STANDARD = gnu11;
				GCC_DYNAMIC_NO_PIC = NO;
				GCC_NO_COMMON_BLOCKS = YES;
				GCC_OPTIMIZATION_LEVEL = 0;
				GCC_PREPROCESSOR_DEFINITIONS = (
					"DEBUG=1",
					"$(inherited)",
				);
				GCC_WARN_64_TO_32_BIT_CONVERSION = YES;
				GCC_WARN_ABOUT_RETURN_TYPE = YES_ERROR;
				GCC_WARN_UNDECLARED_SELECTOR = YES;
				GCC_WARN_UNINITIALIZED_AUTOS = YES_AGGRESSIVE;
				GCC_WARN_UNUSED_FUNCTION = YES;
				GCC_WARN_UNUSED_VARIABLE = YES;
				IPHONEOS_DEPLOYMENT_TARGET = 12.1;
				MTL_ENABLE_DEBUG_INFO = INCLUDE_SOURCE;
				MTL_FAST_MATH = YES;
				ONLY_ACTIVE_ARCH = YES;
				SDKROOT = iphoneos;
				SWIFT_ACTIVE_COMPILATION_CONDITIONS = DEBUG;
				SWIFT_OPTIMIZATION_LEVEL = "-Onone";
			};
			name = Debug;
		};
		DE09ADCB2210A3CD007C63A3 /* Release */ = {
			isa = XCBuildConfiguration;
			buildSettings = {
				ALWAYS_SEARCH_USER_PATHS = NO;
				CLANG_ANALYZER_NONNULL = YES;
				CLANG_ANALYZER_NUMBER_OBJECT_CONVERSION = YES_AGGRESSIVE;
				CLANG_CXX_LANGUAGE_STANDARD = "gnu++14";
				CLANG_CXX_LIBRARY = "libc++";
				CLANG_ENABLE_MODULES = YES;
				CLANG_ENABLE_OBJC_ARC = YES;
				CLANG_ENABLE_OBJC_WEAK = YES;
				CLANG_WARN_BLOCK_CAPTURE_AUTORELEASING = YES;
				CLANG_WARN_BOOL_CONVERSION = YES;
				CLANG_WARN_COMMA = YES;
				CLANG_WARN_CONSTANT_CONVERSION = YES;
				CLANG_WARN_DEPRECATED_OBJC_IMPLEMENTATIONS = YES;
				CLANG_WARN_DIRECT_OBJC_ISA_USAGE = YES_ERROR;
				CLANG_WARN_DOCUMENTATION_COMMENTS = YES;
				CLANG_WARN_EMPTY_BODY = YES;
				CLANG_WARN_ENUM_CONVERSION = YES;
				CLANG_WARN_INFINITE_RECURSION = YES;
				CLANG_WARN_INT_CONVERSION = YES;
				CLANG_WARN_NON_LITERAL_NULL_CONVERSION = YES;
				CLANG_WARN_OBJC_IMPLICIT_RETAIN_SELF = YES;
				CLANG_WARN_OBJC_LITERAL_CONVERSION = YES;
				CLANG_WARN_OBJC_ROOT_CLASS = YES_ERROR;
				CLANG_WARN_RANGE_LOOP_ANALYSIS = YES;
				CLANG_WARN_STRICT_PROTOTYPES = YES;
				CLANG_WARN_SUSPICIOUS_MOVE = YES;
				CLANG_WARN_UNGUARDED_AVAILABILITY = YES_AGGRESSIVE;
				CLANG_WARN_UNREACHABLE_CODE = YES;
				CLANG_WARN__DUPLICATE_METHOD_MATCH = YES;
				CODE_SIGN_IDENTITY = "iPhone Developer";
				COPY_PHASE_STRIP = NO;
				DEBUG_INFORMATION_FORMAT = "dwarf-with-dsym";
				ENABLE_NS_ASSERTIONS = NO;
				ENABLE_STRICT_OBJC_MSGSEND = YES;
				GCC_C_LANGUAGE_STANDARD = gnu11;
				GCC_NO_COMMON_BLOCKS = YES;
				GCC_WARN_64_TO_32_BIT_CONVERSION = YES;
				GCC_WARN_ABOUT_RETURN_TYPE = YES_ERROR;
				GCC_WARN_UNDECLARED_SELECTOR = YES;
				GCC_WARN_UNINITIALIZED_AUTOS = YES_AGGRESSIVE;
				GCC_WARN_UNUSED_FUNCTION = YES;
				GCC_WARN_UNUSED_VARIABLE = YES;
				IPHONEOS_DEPLOYMENT_TARGET = 12.1;
				MTL_ENABLE_DEBUG_INFO = NO;
				MTL_FAST_MATH = YES;
				SDKROOT = iphoneos;
				SWIFT_COMPILATION_MODE = wholemodule;
				SWIFT_OPTIMIZATION_LEVEL = "-O";
				VALIDATE_PRODUCT = YES;
			};
			name = Release;
		};
		DE09ADCD2210A3CD007C63A3 /* Debug */ = {
			isa = XCBuildConfiguration;
			buildSettings = {
				ASSETCATALOG_COMPILER_APPICON_NAME = AppIcon;
				CODE_SIGN_STYLE = Automatic;
				DEVELOPMENT_TEAM = 5P64VL266S;
				INFOPLIST_FILE = CurrencyConverter/Info.plist;
				LD_RUNPATH_SEARCH_PATHS = (
					"$(inherited)",
					"@executable_path/Frameworks",
				);
				PRODUCT_BUNDLE_IDENTIFIER = disruptive.CurrencyConverter;
				PRODUCT_NAME = "$(TARGET_NAME)";
				SWIFT_VERSION = 4.2;
				TARGETED_DEVICE_FAMILY = "1,2";
			};
			name = Debug;
		};
		DE09ADCE2210A3CD007C63A3 /* Release */ = {
			isa = XCBuildConfiguration;
			buildSettings = {
				ASSETCATALOG_COMPILER_APPICON_NAME = AppIcon;
				CODE_SIGN_STYLE = Automatic;
				DEVELOPMENT_TEAM = 5P64VL266S;
				INFOPLIST_FILE = CurrencyConverter/Info.plist;
				LD_RUNPATH_SEARCH_PATHS = (
					"$(inherited)",
					"@executable_path/Frameworks",
				);
				PRODUCT_BUNDLE_IDENTIFIER = disruptive.CurrencyConverter;
				PRODUCT_NAME = "$(TARGET_NAME)";
				SWIFT_VERSION = 4.2;
				TARGETED_DEVICE_FAMILY = "1,2";
			};
			name = Release;
		};
		DE09ADD02210A3CD007C63A3 /* Debug */ = {
			isa = XCBuildConfiguration;
			buildSettings = {
				ALWAYS_EMBED_SWIFT_STANDARD_LIBRARIES = YES;
				BUNDLE_LOADER = "$(TEST_HOST)";
				CODE_SIGN_STYLE = Automatic;
				DEVELOPMENT_TEAM = 5P64VL266S;
				INFOPLIST_FILE = CurrencyConverterTests/Info.plist;
				LD_RUNPATH_SEARCH_PATHS = (
					"$(inherited)",
					"@executable_path/Frameworks",
					"@loader_path/Frameworks",
				);
				PRODUCT_BUNDLE_IDENTIFIER = disruptive.CurrencyConverterTests;
				PRODUCT_NAME = "$(TARGET_NAME)";
				SWIFT_VERSION = 4.2;
				TARGETED_DEVICE_FAMILY = "1,2";
				TEST_HOST = "$(BUILT_PRODUCTS_DIR)/CurrencyConverter.app/CurrencyConverter";
			};
			name = Debug;
		};
		DE09ADD12210A3CD007C63A3 /* Release */ = {
			isa = XCBuildConfiguration;
			buildSettings = {
				ALWAYS_EMBED_SWIFT_STANDARD_LIBRARIES = YES;
				BUNDLE_LOADER = "$(TEST_HOST)";
				CODE_SIGN_STYLE = Automatic;
				DEVELOPMENT_TEAM = 5P64VL266S;
				INFOPLIST_FILE = CurrencyConverterTests/Info.plist;
				LD_RUNPATH_SEARCH_PATHS = (
					"$(inherited)",
					"@executable_path/Frameworks",
					"@loader_path/Frameworks",
				);
				PRODUCT_BUNDLE_IDENTIFIER = disruptive.CurrencyConverterTests;
				PRODUCT_NAME = "$(TARGET_NAME)";
				SWIFT_VERSION = 4.2;
				TARGETED_DEVICE_FAMILY = "1,2";
				TEST_HOST = "$(BUILT_PRODUCTS_DIR)/CurrencyConverter.app/CurrencyConverter";
			};
			name = Release;
		};
		DE09ADD32210A3CD007C63A3 /* Debug */ = {
			isa = XCBuildConfiguration;
			buildSettings = {
				ALWAYS_EMBED_SWIFT_STANDARD_LIBRARIES = YES;
				CODE_SIGN_STYLE = Automatic;
				DEVELOPMENT_TEAM = 5P64VL266S;
				INFOPLIST_FILE = CurrencyConverterUITests/Info.plist;
				LD_RUNPATH_SEARCH_PATHS = (
					"$(inherited)",
					"@executable_path/Frameworks",
					"@loader_path/Frameworks",
				);
				PRODUCT_BUNDLE_IDENTIFIER = disruptive.CurrencyConverterUITests;
				PRODUCT_NAME = "$(TARGET_NAME)";
				SWIFT_VERSION = 4.2;
				TARGETED_DEVICE_FAMILY = "1,2";
				TEST_TARGET_NAME = CurrencyConverter;
			};
			name = Debug;
		};
		DE09ADD42210A3CD007C63A3 /* Release */ = {
			isa = XCBuildConfiguration;
			buildSettings = {
				ALWAYS_EMBED_SWIFT_STANDARD_LIBRARIES = YES;
				CODE_SIGN_STYLE = Automatic;
				DEVELOPMENT_TEAM = 5P64VL266S;
				INFOPLIST_FILE = CurrencyConverterUITests/Info.plist;
				LD_RUNPATH_SEARCH_PATHS = (
					"$(inherited)",
					"@executable_path/Frameworks",
					"@loader_path/Frameworks",
				);
				PRODUCT_BUNDLE_IDENTIFIER = disruptive.CurrencyConverterUITests;
				PRODUCT_NAME = "$(TARGET_NAME)";
				SWIFT_VERSION = 4.2;
				TARGETED_DEVICE_FAMILY = "1,2";
				TEST_TARGET_NAME = CurrencyConverter;
			};
			name = Release;
		};
/* End XCBuildConfiguration section */

/* Begin XCConfigurationList section */
		DE09AD9F2210A3CA007C63A3 /* Build configuration list for PBXProject "CurrencyConverter" */ = {
			isa = XCConfigurationList;
			buildConfigurations = (
				DE09ADCA2210A3CD007C63A3 /* Debug */,
				DE09ADCB2210A3CD007C63A3 /* Release */,
			);
			defaultConfigurationIsVisible = 0;
			defaultConfigurationName = Release;
		};
		DE09ADCC2210A3CD007C63A3 /* Build configuration list for PBXNativeTarget "CurrencyConverter" */ = {
			isa = XCConfigurationList;
			buildConfigurations = (
				DE09ADCD2210A3CD007C63A3 /* Debug */,
				DE09ADCE2210A3CD007C63A3 /* Release */,
			);
			defaultConfigurationIsVisible = 0;
			defaultConfigurationName = Release;
		};
		DE09ADCF2210A3CD007C63A3 /* Build configuration list for PBXNativeTarget "CurrencyConverterTests" */ = {
			isa = XCConfigurationList;
			buildConfigurations = (
				DE09ADD02210A3CD007C63A3 /* Debug */,
				DE09ADD12210A3CD007C63A3 /* Release */,
			);
			defaultConfigurationIsVisible = 0;
			defaultConfigurationName = Release;
		};
		DE09ADD22210A3CD007C63A3 /* Build configuration list for PBXNativeTarget "CurrencyConverterUITests" */ = {
			isa = XCConfigurationList;
			buildConfigurations = (
				DE09ADD32210A3CD007C63A3 /* Debug */,
				DE09ADD42210A3CD007C63A3 /* Release */,
			);
			defaultConfigurationIsVisible = 0;
			defaultConfigurationName = Release;
		};
/* End XCConfigurationList section */
	};
	rootObject = DE09AD9C2210A3CA007C63A3 /* Project object */;
}
